// !$*UTF8*$!
{
	archiveVersion = 1;
	classes = {
	};
	objectVersion = 50;
	objects = {

/* Begin PBXBuildFile section */
		F0F70463260E0FED005E9312 /* AppDelegate.swift in Sources */ = {isa = PBXBuildFile; fileRef = F0F70462260E0FED005E9312 /* AppDelegate.swift */; };
		F0F70465260E0FED005E9312 /* SceneDelegate.swift in Sources */ = {isa = PBXBuildFile; fileRef = F0F70464260E0FED005E9312 /* SceneDelegate.swift */; };
		F0F70467260E0FED005E9312 /* ContentView.swift in Sources */ = {isa = PBXBuildFile; fileRef = F0F70466260E0FED005E9312 /* ContentView.swift */; };
		F0F70469260E0FEF005E9312 /* Assets.xcassets in Resources */ = {isa = PBXBuildFile; fileRef = F0F70468260E0FEF005E9312 /* Assets.xcassets */; };
		F0F7046C260E0FEF005E9312 /* Preview Assets.xcassets in Resources */ = {isa = PBXBuildFile; fileRef = F0F7046B260E0FEF005E9312 /* Preview Assets.xcassets */; };
		F0F7046F260E0FEF005E9312 /* LaunchScreen.storyboard in Resources */ = {isa = PBXBuildFile; fileRef = F0F7046D260E0FEF005E9312 /* LaunchScreen.storyboard */; };
		F0F70477260E1618005E9312 /* ImagePicker.swift in Sources */ = {isa = PBXBuildFile; fileRef = F0F70476260E1618005E9312 /* ImagePicker.swift */; };
		F0F70479260E16A7005E9312 /* Main.swift in Sources */ = {isa = PBXBuildFile; fileRef = F0F70478260E16A7005E9312 /* Main.swift */; };
		F0F7047B260FA0B6005E9312 /* Loader.swift in Sources */ = {isa = PBXBuildFile; fileRef = F0F7047A260FA0B6005E9312 /* Loader.swift */; };
		F0F7047D260FAFD9005E9312 /* ResultModalView.swift in Sources */ = {isa = PBXBuildFile; fileRef = F0F7047C260FAFD9005E9312 /* ResultModalView.swift */; };
/* End PBXBuildFile section */

/* Begin PBXFileReference section */
		F0F7045F260E0FED005E9312 /* Valdrug.app */ = {isa = PBXFileReference; explicitFileType = wrapper.application; includeInIndex = 0; path = Valdrug.app; sourceTree = BUILT_PRODUCTS_DIR; };
		F0F70462260E0FED005E9312 /* AppDelegate.swift */ = {isa = PBXFileReference; lastKnownFileType = sourcecode.swift; path = AppDelegate.swift; sourceTree = "<group>"; };
		F0F70464260E0FED005E9312 /* SceneDelegate.swift */ = {isa = PBXFileReference; lastKnownFileType = sourcecode.swift; path = SceneDelegate.swift; sourceTree = "<group>"; };
		F0F70466260E0FED005E9312 /* ContentView.swift */ = {isa = PBXFileReference; lastKnownFileType = sourcecode.swift; path = ContentView.swift; sourceTree = "<group>"; };
		F0F70468260E0FEF005E9312 /* Assets.xcassets */ = {isa = PBXFileReference; lastKnownFileType = folder.assetcatalog; path = Assets.xcassets; sourceTree = "<group>"; };
		F0F7046B260E0FEF005E9312 /* Preview Assets.xcassets */ = {isa = PBXFileReference; lastKnownFileType = folder.assetcatalog; path = "Preview Assets.xcassets"; sourceTree = "<group>"; };
		F0F7046E260E0FEF005E9312 /* Base */ = {isa = PBXFileReference; lastKnownFileType = file.storyboard; name = Base; path = Base.lproj/LaunchScreen.storyboard; sourceTree = "<group>"; };
		F0F70470260E0FEF005E9312 /* Info.plist */ = {isa = PBXFileReference; lastKnownFileType = text.plist.xml; path = Info.plist; sourceTree = "<group>"; };
		F0F70476260E1618005E9312 /* ImagePicker.swift */ = {isa = PBXFileReference; lastKnownFileType = sourcecode.swift; path = ImagePicker.swift; sourceTree = "<group>"; };
		F0F70478260E16A7005E9312 /* Main.swift */ = {isa = PBXFileReference; lastKnownFileType = sourcecode.swift; path = Main.swift; sourceTree = "<group>"; };
		F0F7047A260FA0B6005E9312 /* Loader.swift */ = {isa = PBXFileReference; lastKnownFileType = sourcecode.swift; path = Loader.swift; sourceTree = "<group>"; };
		F0F7047C260FAFD9005E9312 /* ResultModalView.swift */ = {isa = PBXFileReference; lastKnownFileType = sourcecode.swift; path = ResultModalView.swift; sourceTree = "<group>"; };
/* End PBXFileReference section */

/* Begin PBXFrameworksBuildPhase section */
		F0F7045C260E0FED005E9312 /* Frameworks */ = {
			isa = PBXFrameworksBuildPhase;
			buildActionMask = 2147483647;
			files = (
			);
			runOnlyForDeploymentPostprocessing = 0;
		};
/* End PBXFrameworksBuildPhase section */

/* Begin PBXGroup section */
		F0F70456260E0FED005E9312 = {
			isa = PBXGroup;
			children = (
				F0F70461260E0FED005E9312 /* Valdrug */,
				F0F70460260E0FED005E9312 /* Products */,
			);
			sourceTree = "<group>";
		};
		F0F70460260E0FED005E9312 /* Products */ = {
			isa = PBXGroup;
			children = (
				F0F7045F260E0FED005E9312 /* Valdrug.app */,
			);
			name = Products;
			sourceTree = "<group>";
		};
		F0F70461260E0FED005E9312 /* Valdrug */ = {
			isa = PBXGroup;
			children = (
				F0F70462260E0FED005E9312 /* AppDelegate.swift */,
				F0F70464260E0FED005E9312 /* SceneDelegate.swift */,
				F0F70466260E0FED005E9312 /* ContentView.swift */,
				F0F70478260E16A7005E9312 /* Main.swift */,
				F0F7047C260FAFD9005E9312 /* ResultModalView.swift */,
				F0F7047A260FA0B6005E9312 /* Loader.swift */,
				F0F70476260E1618005E9312 /* ImagePicker.swift */,
				F0F70468260E0FEF005E9312 /* Assets.xcassets */,
				F0F7046D260E0FEF005E9312 /* LaunchScreen.storyboard */,
				F0F70470260E0FEF005E9312 /* Info.plist */,
				F0F7046A260E0FEF005E9312 /* Preview Content */,
			);
			path = Valdrug;
			sourceTree = "<group>";
		};
		F0F7046A260E0FEF005E9312 /* Preview Content */ = {
			isa = PBXGroup;
			children = (
				F0F7046B260E0FEF005E9312 /* Preview Assets.xcassets */,
			);
			path = "Preview Content";
			sourceTree = "<group>";
		};
/* End PBXGroup section */

/* Begin PBXNativeTarget section */
		F0F7045E260E0FED005E9312 /* Valdrug */ = {
			isa = PBXNativeTarget;
			buildConfigurationList = F0F70473260E0FEF005E9312 /* Build configuration list for PBXNativeTarget "Valdrug" */;
			buildPhases = (
				F0F7045B260E0FED005E9312 /* Sources */,
				F0F7045C260E0FED005E9312 /* Frameworks */,
				F0F7045D260E0FED005E9312 /* Resources */,
			);
			buildRules = (
			);
			dependencies = (
			);
			name = Valdrug;
			productName = Valdrug;
			productReference = F0F7045F260E0FED005E9312 /* Valdrug.app */;
			productType = "com.apple.product-type.application";
		};
/* End PBXNativeTarget section */

/* Begin PBXProject section */
		F0F70457260E0FED005E9312 /* Project object */ = {
			isa = PBXProject;
			attributes = {
				LastSwiftUpdateCheck = 1130;
				LastUpgradeCheck = 1130;
				ORGANIZATIONNAME = com.siddharthnair;
				TargetAttributes = {
					F0F7045E260E0FED005E9312 = {
						CreatedOnToolsVersion = 11.3.1;
					};
				};
			};
			buildConfigurationList = F0F7045A260E0FED005E9312 /* Build configuration list for PBXProject "Valdrug" */;
			compatibilityVersion = "Xcode 9.3";
			developmentRegion = en;
			hasScannedForEncodings = 0;
			knownRegions = (
				en,
				Base,
			);
			mainGroup = F0F70456260E0FED005E9312;
			productRefGroup = F0F70460260E0FED005E9312 /* Products */;
			projectDirPath = "";
			projectRoot = "";
			targets = (
				F0F7045E260E0FED005E9312 /* Valdrug */,
			);
		};
/* End PBXProject section */

/* Begin PBXResourcesBuildPhase section */
		F0F7045D260E0FED005E9312 /* Resources */ = {
			isa = PBXResourcesBuildPhase;
			buildActionMask = 2147483647;
			files = (
				F0F7046F260E0FEF005E9312 /* LaunchScreen.storyboard in Resources */,
				F0F7046C260E0FEF005E9312 /* Preview Assets.xcassets in Resources */,
				F0F70469260E0FEF005E9312 /* Assets.xcassets in Resources */,
			);
			runOnlyForDeploymentPostprocessing = 0;
		};
/* End PBXResourcesBuildPhase section */

/* Begin PBXSourcesBuildPhase section */
		F0F7045B260E0FED005E9312 /* Sources */ = {
			isa = PBXSourcesBuildPhase;
			buildActionMask = 2147483647;
			files = (
				F0F70479260E16A7005E9312 /* Main.swift in Sources */,
				F0F7047D260FAFD9005E9312 /* ResultModalView.swift in Sources */,
				F0F70463260E0FED005E9312 /* AppDelegate.swift in Sources */,
				F0F7047B260FA0B6005E9312 /* Loader.swift in Sources */,
				F0F70477260E1618005E9312 /* ImagePicker.swift in Sources */,
				F0F70465260E0FED005E9312 /* SceneDelegate.swift in Sources */,
				F0F70467260E0FED005E9312 /* ContentView.swift in Sources */,
			);
			runOnlyForDeploymentPostprocessing = 0;
		};
/* End PBXSourcesBuildPhase section */

/* Begin PBXVariantGroup section */
		F0F7046D260E0FEF005E9312 /* LaunchScreen.storyboard */ = {
			isa = PBXVariantGroup;
			children = (
				F0F7046E260E0FEF005E9312 /* Base */,
			);
			name = LaunchScreen.storyboard;
			sourceTree = "<group>";
		};
/* End PBXVariantGroup section */

/* Begin XCBuildConfiguration section */
		F0F70471260E0FEF005E9312 /* Debug */ = {
			isa = XCBuildConfiguration;
			buildSettings = {
				ALWAYS_SEARCH_USER_PATHS = NO;
				CLANG_ANALYZER_NONNULL = YES;
				CLANG_ANALYZER_NUMBER_OBJECT_CONVERSION = YES_AGGRESSIVE;
				CLANG_CXX_LANGUAGE_STANDARD = "gnu++14";
				CLANG_CXX_LIBRARY = "libc++";
				CLANG_ENABLE_MODULES = YES;
				CLANG_ENABLE_OBJC_ARC = YES;
				CLANG_ENABLE_OBJC_WEAK = YES;
				CLANG_WARN_BLOCK_CAPTURE_AUTORELEASING = YES;
				CLANG_WARN_BOOL_CONVERSION = YES;
				CLANG_WARN_COMMA = YES;
				CLANG_WARN_CONSTANT_CONVERSION = YES;
				CLANG_WARN_DEPRECATED_OBJC_IMPLEMENTATIONS = YES;
				CLANG_WARN_DIRECT_OBJC_ISA_USAGE = YES_ERROR;
				CLANG_WARN_DOCUMENTATION_COMMENTS = YES;
				CLANG_WARN_EMPTY_BODY = YES;
				CLANG_WARN_ENUM_CONVERSION = YES;
				CLANG_WARN_INFINITE_RECURSION = YES;
				CLANG_WARN_INT_CONVERSION = YES;
				CLANG_WARN_NON_LITERAL_NULL_CONVERSION = YES;
				CLANG_WARN_OBJC_IMPLICIT_RETAIN_SELF = YES;
				CLANG_WARN_OBJC_LITERAL_CONVERSION = YES;
				CLANG_WARN_OBJC_ROOT_CLASS = YES_ERROR;
				CLANG_WARN_RANGE_LOOP_ANALYSIS = YES;
				CLANG_WARN_STRICT_PROTOTYPES = YES;
				CLANG_WARN_SUSPICIOUS_MOVE = YES;
				CLANG_WARN_UNGUARDED_AVAILABILITY = YES_AGGRESSIVE;
				CLANG_WARN_UNREACHABLE_CODE = YES;
				CLANG_WARN__DUPLICATE_METHOD_MATCH = YES;
				COPY_PHASE_STRIP = NO;
				DEBUG_INFORMATION_FORMAT = dwarf;
				ENABLE_STRICT_OBJC_MSGSEND = YES;
				ENABLE_TESTABILITY = YES;
				GCC_C_LANGUAGE_STANDARD = gnu11;
				GCC_DYNAMIC_NO_PIC = NO;
				GCC_NO_COMMON_BLOCKS = YES;
				GCC_OPTIMIZATION_LEVEL = 0;
				GCC_PREPROCESSOR_DEFINITIONS = (
					"DEBUG=1",
					"$(inherited)",
				);
				GCC_WARN_64_TO_32_BIT_CONVERSION = YES;
				GCC_WARN_ABOUT_RETURN_TYPE = YES_ERROR;
				GCC_WARN_UNDECLARED_SELECTOR = YES;
				GCC_WARN_UNINITIALIZED_AUTOS = YES_AGGRESSIVE;
				GCC_WARN_UNUSED_FUNCTION = YES;
				GCC_WARN_UNUSED_VARIABLE = YES;
				IPHONEOS_DEPLOYMENT_TARGET = 13.2;
				MTL_ENABLE_DEBUG_INFO = INCLUDE_SOURCE;
				MTL_FAST_MATH = YES;
				ONLY_ACTIVE_ARCH = YES;
				SDKROOT = iphoneos;
				SWIFT_ACTIVE_COMPILATION_CONDITIONS = DEBUG;
				SWIFT_OPTIMIZATION_LEVEL = "-Onone";
			};
			name = Debug;
		};
		F0F70472260E0FEF005E9312 /* Release */ = {
			isa = XCBuildConfiguration;
			buildSettings = {
				ALWAYS_SEARCH_USER_PATHS = NO;
				CLANG_ANALYZER_NONNULL = YES;
				CLANG_ANALYZER_NUMBER_OBJECT_CONVERSION = YES_AGGRESSIVE;
				CLANG_CXX_LANGUAGE_STANDARD = "gnu++14";
				CLANG_CXX_LIBRARY = "libc++";
				CLANG_ENABLE_MODULES = YES;
				CLANG_ENABLE_OBJC_ARC = YES;
				CLANG_ENABLE_OBJC_WEAK = YES;
				CLANG_WARN_BLOCK_CAPTURE_AUTORELEASING = YES;
				CLANG_WARN_BOOL_CONVERSION = YES;
				CLANG_WARN_COMMA = YES;
				CLANG_WARN_CONSTANT_CONVERSION = YES;
				CLANG_WARN_DEPRECATED_OBJC_IMPLEMENTATIONS = YES;
				CLANG_WARN_DIRECT_OBJC_ISA_USAGE = YES_ERROR;
				CLANG_WARN_DOCUMENTATION_COMMENTS = YES;
				CLANG_WARN_EMPTY_BODY = YES;
				CLANG_WARN_ENUM_CONVERSION = YES;
				CLANG_WARN_INFINITE_RECURSION = YES;
				CLANG_WARN_INT_CONVERSION = YES;
				CLANG_WARN_NON_LITERAL_NULL_CONVERSION = YES;
				CLANG_WARN_OBJC_IMPLICIT_RETAIN_SELF = YES;
				CLANG_WARN_OBJC_LITERAL_CONVERSION = YES;
				CLANG_WARN_OBJC_ROOT_CLASS = YES_ERROR;
				CLANG_WARN_RANGE_LOOP_ANALYSIS = YES;
				CLANG_WARN_STRICT_PROTOTYPES = YES;
				CLANG_WARN_SUSPICIOUS_MOVE = YES;
				CLANG_WARN_UNGUARDED_AVAILABILITY = YES_AGGRESSIVE;
				CLANG_WARN_UNREACHABLE_CODE = YES;
				CLANG_WARN__DUPLICATE_METHOD_MATCH = YES;
				COPY_PHASE_STRIP = NO;
				DEBUG_INFORMATION_FORMAT = "dwarf-with-dsym";
				ENABLE_NS_ASSERTIONS = NO;
				ENABLE_STRICT_OBJC_MSGSEND = YES;
				GCC_C_LANGUAGE_STANDARD = gnu11;
				GCC_NO_COMMON_BLOCKS = YES;
				GCC_WARN_64_TO_32_BIT_CONVERSION = YES;
				GCC_WARN_ABOUT_RETURN_TYPE = YES_ERROR;
				GCC_WARN_UNDECLARED_SELECTOR = YES;
				GCC_WARN_UNINITIALIZED_AUTOS = YES_AGGRESSIVE;
				GCC_WARN_UNUSED_FUNCTION = YES;
				GCC_WARN_UNUSED_VARIABLE = YES;
				IPHONEOS_DEPLOYMENT_TARGET = 13.2;
				MTL_ENABLE_DEBUG_INFO = NO;
				MTL_FAST_MATH = YES;
				SDKROOT = iphoneos;
				SWIFT_COMPILATION_MODE = wholemodule;
				SWIFT_OPTIMIZATION_LEVEL = "-O";
				VALIDATE_PRODUCT = YES;
			};
			name = Release;
		};
		F0F70474260E0FEF005E9312 /* Debug */ = {
			isa = XCBuildConfiguration;
			buildSettings = {
				ASSETCATALOG_COMPILER_APPICON_NAME = AppIcon;
				CODE_SIGN_STYLE = Automatic;
				DEVELOPMENT_ASSET_PATHS = "\"Valdrug/Preview Content\"";
				DEVELOPMENT_TEAM = 3RKRAF5YY8;
				ENABLE_PREVIEWS = YES;
				INFOPLIST_FILE = Valdrug/Info.plist;
				LD_RUNPATH_SEARCH_PATHS = (
					"$(inherited)",
					"@executable_path/Frameworks",
				);
				PRODUCT_BUNDLE_IDENTIFIER = Sid.Valdrug;
				PRODUCT_NAME = "$(TARGET_NAME)";
				SWIFT_VERSION = 5.0;
				TARGETED_DEVICE_FAMILY = "1,2";
			};
			name = Debug;
		};
		F0F70475260E0FEF005E9312 /* Release */ = {
			isa = XCBuildConfiguration;
			buildSettings = {
				ASSETCATALOG_COMPILER_APPICON_NAME = AppIcon;
				CODE_SIGN_STYLE = Automatic;
				DEVELOPMENT_ASSET_PATHS = "\"Valdrug/Preview Content\"";
				DEVELOPMENT_TEAM = 3RKRAF5YY8;
				ENABLE_PREVIEWS = YES;
				INFOPLIST_FILE = Valdrug/Info.plist;
				LD_RUNPATH_SEARCH_PATHS = (
					"$(inherited)",
					"@executable_path/Frameworks",
				);
				PRODUCT_BUNDLE_IDENTIFIER = Sid.Valdrug;
				PRODUCT_NAME = "$(TARGET_NAME)";
				SWIFT_VERSION = 5.0;
				TARGETED_DEVICE_FAMILY = "1,2";
			};
			name = Release;
		};
/* End XCBuildConfiguration section */

/* Begin XCConfigurationList section */
		F0F7045A260E0FED005E9312 /* Build configuration list for PBXProject "Valdrug" */ = {
			isa = XCConfigurationList;
			buildConfigurations = (
				F0F70471260E0FEF005E9312 /* Debug */,
				F0F70472260E0FEF005E9312 /* Release */,
			);
			defaultConfigurationIsVisible = 0;
			defaultConfigurationName = Release;
		};
		F0F70473260E0FEF005E9312 /* Build configuration list for PBXNativeTarget "Valdrug" */ = {
			isa = XCConfigurationList;
			buildConfigurations = (
				F0F70474260E0FEF005E9312 /* Debug */,
				F0F70475260E0FEF005E9312 /* Release */,
			);
			defaultConfigurationIsVisible = 0;
			defaultConfigurationName = Release;
		};
/* End XCConfigurationList section */
	};
	rootObject = F0F70457260E0FED005E9312 /* Project object */;
}
